
Microsoft Visual Studio Solution File, Format Version 12.00
# Visual Studio 2013
VisualStudioVersion = 12.0.21005.1
MinimumVisualStudioVersion = 10.0.40219.1
Project("{F184B08F-C81C-45F6-A57F-5ABD9991F28F}") = "eservices_core", "eservices_core\eservices_core\eservices_core.vbproj", "{8637C518-B23C-48DF-9D0F-FFE6E462C980}"
EndProject
Project("{F184B08F-C81C-45F6-A57F-5ABD9991F28F}") = "etra", "etras_core\etra\etra.vbproj", "{0B393039-3AA6-4B37-A16C-111D061BD6C7}"
EndProject
Project("{F184B08F-C81C-45F6-A57F-5ABD9991F28F}") = "socmovil", "..\..\SOCMobile\socmovil\socmovil\socmovil.vbproj", "{3C2DC865-2246-46E7-94A9-685936187E39}"
EndProject
Project("{F184B08F-C81C-45F6-A57F-5ABD9991F28F}") = "socmobile_core", "..\..\SOCMobile\socmobile_core\socmobile_core\socmobile_core.vbproj", "{6A959DE1-23E9-4B71-A240-A74B1DD46BE9}"
EndProject
Project("{FAE04EC0-301F-11D3-BF4B-00C04F79EFBC}") = "eservices_core.UnitTest", "eservices_core.UnitTest\eservices_core.UnitTest.csproj", "{FF5E5F45-3186-4037-B4BB-AF278841F03A}"
EndProject
Project("{F184B08F-C81C-45F6-A57F-5ABD9991F28F}") = "eservices_datamanager", "eservices_datamanager\eservices_datamanager.vbproj", "{5B7D13C3-5507-4196-ADE9-E99960923D7D}"
EndProject
Project("{F184B08F-C81C-45F6-A57F-5ABD9991F28F}") = "eservices_documents", "eservices_documents\eservices_documents\eservices_documents.vbproj", "{92691DD3-E722-48AC-B0BE-4DCD2360701B}"
EndProject
Global
	GlobalSection(SolutionConfigurationPlatforms) = preSolution
		Debug|Any CPU = Debug|Any CPU
		Release|Any CPU = Release|Any CPU
	EndGlobalSection
	GlobalSection(ProjectConfigurationPlatforms) = postSolution
		{8637C518-B23C-48DF-9D0F-FFE6E462C980}.Debug|Any CPU.ActiveCfg = Debug|Any CPU
		{8637C518-B23C-48DF-9D0F-FFE6E462C980}.Debug|Any CPU.Build.0 = Debug|Any CPU
		{8637C518-B23C-48DF-9D0F-FFE6E462C980}.Release|Any CPU.ActiveCfg = Release|Any CPU
		{8637C518-B23C-48DF-9D0F-FFE6E462C980}.Release|Any CPU.Build.0 = Release|Any CPU
		{0B393039-3AA6-4B37-A16C-111D061BD6C7}.Debug|Any CPU.ActiveCfg = Debug|Any CPU
		{0B393039-3AA6-4B37-A16C-111D061BD6C7}.Debug|Any CPU.Build.0 = Debug|Any CPU
		{0B393039-3AA6-4B37-A16C-111D061BD6C7}.Release|Any CPU.ActiveCfg = Release|Any CPU
		{0B393039-3AA6-4B37-A16C-111D061BD6C7}.Release|Any CPU.Build.0 = Release|Any CPU
		{3C2DC865-2246-46E7-94A9-685936187E39}.Debug|Any CPU.ActiveCfg = Debug|Any CPU
		{3C2DC865-2246-46E7-94A9-685936187E39}.Debug|Any CPU.Build.0 = Debug|Any CPU
		{3C2DC865-2246-46E7-94A9-685936187E39}.Release|Any CPU.ActiveCfg = Release|Any CPU
		{3C2DC865-2246-46E7-94A9-685936187E39}.Release|Any CPU.Build.0 = Release|Any CPU
		{6A959DE1-23E9-4B71-A240-A74B1DD46BE9}.Debug|Any CPU.ActiveCfg = Debug|Any CPU
		{6A959DE1-23E9-4B71-A240-A74B1DD46BE9}.Debug|Any CPU.Build.0 = Debug|Any CPU
		{6A959DE1-23E9-4B71-A240-A74B1DD46BE9}.Release|Any CPU.ActiveCfg = Release|Any CPU
		{6A959DE1-23E9-4B71-A240-A74B1DD46BE9}.Release|Any CPU.Build.0 = Release|Any CPU
		{FF5E5F45-3186-4037-B4BB-AF278841F03A}.Debug|Any CPU.ActiveCfg = Debug|Any CPU
		{FF5E5F45-3186-4037-B4BB-AF278841F03A}.Debug|Any CPU.Build.0 = Debug|Any CPU
		{FF5E5F45-3186-4037-B4BB-AF278841F03A}.Release|Any CPU.ActiveCfg = Release|Any CPU
		{FF5E5F45-3186-4037-B4BB-AF278841F03A}.Release|Any CPU.Build.0 = Release|Any CPU
		{5B7D13C3-5507-4196-ADE9-E99960923D7D}.Debug|Any CPU.ActiveCfg = Debug|Any CPU
		{5B7D13C3-5507-4196-ADE9-E99960923D7D}.Debug|Any CPU.Build.0 = Debug|Any CPU
		{5B7D13C3-5507-4196-ADE9-E99960923D7D}.Release|Any CPU.ActiveCfg = Release|Any CPU
		{5B7D13C3-5507-4196-ADE9-E99960923D7D}.Release|Any CPU.Build.0 = Release|Any CPU
		{92691DD3-E722-48AC-B0BE-4DCD2360701B}.Debug|Any CPU.ActiveCfg = Debug|Any CPU
		{92691DD3-E722-48AC-B0BE-4DCD2360701B}.Debug|Any CPU.Build.0 = Debug|Any CPU
		{92691DD3-E722-48AC-B0BE-4DCD2360701B}.Release|Any CPU.ActiveCfg = Release|Any CPU
		{92691DD3-E722-48AC-B0BE-4DCD2360701B}.Release|Any CPU.Build.0 = Release|Any CPU
	EndGlobalSection
	GlobalSection(SolutionProperties) = preSolution
		HideSolutionNode = FALSE
	EndGlobalSection
EndGlobal
